
Microsoft Visual Studio Solution File, Format Version 12.00
# Visual Studio Version 17
VisualStudioVersion = 17.10.34818.151
MinimumVisualStudioVersion = 10.0.40219.1
Project("{FAE04EC0-301F-11D3-BF4B-00C04F79EFBC}") = "APITask", "APITask\APITask.csproj", "{54B7D951-B003-4A80-B3A9-AE45EBA4A1D1}"
EndProject
Project("{FAE04EC0-301F-11D3-BF4B-00C04F79EFBC}") = "Repo", "Repo\Repo.csproj", "{7A10668A-3B5F-4318-88DE-4FD481FE2D04}"
EndProject
Project("{FAE04EC0-301F-11D3-BF4B-00C04F79EFBC}") = "Core", "Core\Core.csproj", "{F8C4C112-3F1A-47DA-B36A-75F794498003}"
EndProject
Global
	GlobalSection(SolutionConfigurationPlatforms) = preSolution
		Debug|Any CPU = Debug|Any CPU
		Release|Any CPU = Release|Any CPU
	EndGlobalSection
	GlobalSection(ProjectConfigurationPlatforms) = postSolution
		{54B7D951-B003-4A80-B3A9-AE45EBA4A1D1}.Debug|Any CPU.ActiveCfg = Debug|Any CPU
		{54B7D951-B003-4A80-B3A9-AE45EBA4A1D1}.Debug|Any CPU.Build.0 = Debug|Any CPU
		{54B7D951-B003-4A80-B3A9-AE45EBA4A1D1}.Release|Any CPU.ActiveCfg = Release|Any CPU
		{54B7D951-B003-4A80-B3A9-AE45EBA4A1D1}.Release|Any CPU.Build.0 = Release|Any CPU
		{7A10668A-3B5F-4318-88DE-4FD481FE2D04}.Debug|Any CPU.ActiveCfg = Debug|Any CPU
		{7A10668A-3B5F-4318-88DE-4FD481FE2D04}.Debug|Any CPU.Build.0 = Debug|Any CPU
		{7A10668A-3B5F-4318-88DE-4FD481FE2D04}.Release|Any CPU.ActiveCfg = Release|Any CPU
		{7A10668A-3B5F-4318-88DE-4FD481FE2D04}.Release|Any CPU.Build.0 = Release|Any CPU
		{F8C4C112-3F1A-47DA-B36A-75F794498003}.Debug|Any CPU.ActiveCfg = Debug|Any CPU
		{F8C4C112-3F1A-47DA-B36A-75F794498003}.Debug|Any CPU.Build.0 = Debug|Any CPU
		{F8C4C112-3F1A-47DA-B36A-75F794498003}.Release|Any CPU.ActiveCfg = Release|Any CPU
		{F8C4C112-3F1A-47DA-B36A-75F794498003}.Release|Any CPU.Build.0 = Release|Any CPU
	EndGlobalSection
	GlobalSection(SolutionProperties) = preSolution
		HideSolutionNode = FALSE
	EndGlobalSection
	GlobalSection(ExtensibilityGlobals) = postSolution
		SolutionGuid = {A49F5C46-88D4-4074-85C3-7C60FEC44D93}
	EndGlobalSection
EndGlobal
